// !$*UTF8*$!
{
	archiveVersion = 1;
	classes = {
	};
	objectVersion = 56;
	objects = {

/* Begin PBXBuildFile section */
		741DE1D92B7308BD009EBF08 /* ZIPFoundation in Frameworks */ = {isa = PBXBuildFile; productRef = 741DE1D82B7308BD009EBF08 /* ZIPFoundation */; };
		741DE20E2B730946009EBF08 /* FirebaseStorage in Frameworks */ = {isa = PBXBuildFile; productRef = 741DE20D2B730946009EBF08 /* FirebaseStorage */; };
		741DE2122B730A1B009EBF08 /* UploadProgressCircleView.swift in Sources */ = {isa = PBXBuildFile; fileRef = 741DE2112B730A1B009EBF08 /* UploadProgressCircleView.swift */; };
		741DE2142B730AF2009EBF08 /* FireStorageHelper.swift in Sources */ = {isa = PBXBuildFile; fileRef = 741DE2132B730AF2009EBF08 /* FireStorageHelper.swift */; };
		741DE2162B730F7E009EBF08 /* UploadButton.swift in Sources */ = {isa = PBXBuildFile; fileRef = 741DE2152B730F7E009EBF08 /* UploadButton.swift */; };
		741DE2182B731814009EBF08 /* GoogleService-Info.plist in Resources */ = {isa = PBXBuildFile; fileRef = 741DE2172B731814009EBF08 /* GoogleService-Info.plist */; };
		D008F6C82B734346002D8179 /* TopPanelView.swift in Sources */ = {isa = PBXBuildFile; fileRef = D008F6C72B734346002D8179 /* TopPanelView.swift */; };
		D008F6CA2B7362AD002D8179 /* ObjARModelView.swift in Sources */ = {isa = PBXBuildFile; fileRef = D008F6C92B7362AD002D8179 /* ObjARModelView.swift */; };
		D008F6CC2B7363B4002D8179 /* mouse_preview.usdz in Resources */ = {isa = PBXBuildFile; fileRef = D008F6CB2B7363B4002D8179 /* mouse_preview.usdz */; };
		D008F6CE2B7363EA002D8179 /* Rock36_reduced.usdz in Resources */ = {isa = PBXBuildFile; fileRef = D008F6CD2B7363EA002D8179 /* Rock36_reduced.usdz */; };
		D008F6D02B7363F2002D8179 /* cup_preview.usdz in Resources */ = {isa = PBXBuildFile; fileRef = D008F6CF2B7363F2002D8179 /* cup_preview.usdz */; };
		D00F49392B7443DD00E856A9 /* ObjARModelViewModel.swift in Sources */ = {isa = PBXBuildFile; fileRef = D00F49382B7443DD00E856A9 /* ObjARModelViewModel.swift */; };
		D00F493C2B74449A00E856A9 /* ObjInfoView.swift in Sources */ = {isa = PBXBuildFile; fileRef = D00F493B2B74449A00E856A9 /* ObjInfoView.swift */; };
		D01D77182B7071D50064C4B5 /* ButtonParameters.swift in Sources */ = {isa = PBXBuildFile; fileRef = D01D77172B7071D50064C4B5 /* ButtonParameters.swift */; };
		D01D771D2B70DC270064C4B5 /* TopInfoPanelView.swift in Sources */ = {isa = PBXBuildFile; fileRef = D01D771C2B70DC270064C4B5 /* TopInfoPanelView.swift */; };
		D05B6EC92B63A872002FCFBA /* PhotoCaptureExtensions.swift in Sources */ = {isa = PBXBuildFile; fileRef = D05B6EC82B63A872002FCFBA /* PhotoCaptureExtensions.swift */; };
		D0822F572B7201DC00E081C1 /* CaptureModeMenu.swift in Sources */ = {isa = PBXBuildFile; fileRef = D0822F562B7201DC00E081C1 /* CaptureModeMenu.swift */; };
		D0822F5D2B723DC800E081C1 /* ObjCaptureInstructionVid.mp4 in Resources */ = {isa = PBXBuildFile; fileRef = D0822F5C2B723DC100E081C1 /* ObjCaptureInstructionVid.mp4 */; };
		D08728E62B68D95400D61CBF /* VideoDataOutputManager.swift in Sources */ = {isa = PBXBuildFile; fileRef = D08728E52B68D95400D61CBF /* VideoDataOutputManager.swift */; };
		D08728E82B68F6AA00D61CBF /* UpperTeethDetector.mlmodel in Sources */ = {isa = PBXBuildFile; fileRef = D08728E72B68F6AA00D61CBF /* UpperTeethDetector.mlmodel */; };
		D0A4D16B2B677A2B007961DA /* DeviceMotionProvider.swift in Sources */ = {isa = PBXBuildFile; fileRef = D0A4D16A2B677A2B007961DA /* DeviceMotionProvider.swift */; };
		D0A4D16E2B677DA4007961DA /* DeviceMotionExtensions.swift in Sources */ = {isa = PBXBuildFile; fileRef = D0A4D16D2B677DA4007961DA /* DeviceMotionExtensions.swift */; };
		D0A4D1702B67A9CE007961DA /* MLDetector.swift in Sources */ = {isa = PBXBuildFile; fileRef = D0A4D16F2B67A9CE007961DA /* MLDetector.swift */; };
		D0A4D1782B67AB89007961DA /* AutoCaptureManager.swift in Sources */ = {isa = PBXBuildFile; fileRef = D0A4D1772B67AB89007961DA /* AutoCaptureManager.swift */; };
		D0A9E2742B5F44DA006B7CA8 /* CameraPreviewView.swift in Sources */ = {isa = PBXBuildFile; fileRef = D0A9E2732B5F44DA006B7CA8 /* CameraPreviewView.swift */; };
		D0AB95C72B74B1EB007740E7 /* RootView.swift in Sources */ = {isa = PBXBuildFile; fileRef = D0AB95C62B74B1EB007740E7 /* RootView.swift */; };
		D0AB95C82B74B28F007740E7 /* ObjPresentationPlatformView.swift in Sources */ = {isa = PBXBuildFile; fileRef = D0B4B1472B72F57F0098CB3B /* ObjPresentationPlatformView.swift */; };
		D0AB95D02B74BEA7007740E7 /* PageNavigationControllerView.swift in Sources */ = {isa = PBXBuildFile; fileRef = D0AB95CF2B74BEA7007740E7 /* PageNavigationControllerView.swift */; };
		D0AB95D22B74C431007740E7 /* GoToModelPlatformButton.swift in Sources */ = {isa = PBXBuildFile; fileRef = D0AB95D12B74C431007740E7 /* GoToModelPlatformButton.swift */; };
		D0B4B14B2B7311630098CB3B /* ObjContainerView.swift in Sources */ = {isa = PBXBuildFile; fileRef = D0B4B14A2B7311630098CB3B /* ObjContainerView.swift */; };
		D0B4B14D2B7311870098CB3B /* ObjPresentationPlatformViewModel.swift in Sources */ = {isa = PBXBuildFile; fileRef = D0B4B14C2B7311870098CB3B /* ObjPresentationPlatformViewModel.swift */; };
		D0B4B14F2B7311FA0098CB3B /* ObjPresentationPlatformModel.swift in Sources */ = {isa = PBXBuildFile; fileRef = D0B4B14E2B7311FA0098CB3B /* ObjPresentationPlatformModel.swift */; };
		D0C85B822B6C5A3300C1BB94 /* ObjCaptureViewModel.swift in Sources */ = {isa = PBXBuildFile; fileRef = D0C85B812B6C5A3300C1BB94 /* ObjCaptureViewModel.swift */; };
		D0C85B872B6C5FB700C1BB94 /* CaptureProgressBarView.swift in Sources */ = {isa = PBXBuildFile; fileRef = D0C85B842B6C5FB700C1BB94 /* CaptureProgressBarView.swift */; };
		D0C85B882B6C5FB700C1BB94 /* CaptureProgressBarViewModel.swift in Sources */ = {isa = PBXBuildFile; fileRef = D0C85B852B6C5FB700C1BB94 /* CaptureProgressBarViewModel.swift */; };
		D0C85B892B6C5FB700C1BB94 /* CaptureProgressBarModel.swift in Sources */ = {isa = PBXBuildFile; fileRef = D0C85B862B6C5FB700C1BB94 /* CaptureProgressBarModel.swift */; };
		D0C85B8E2B6C660A00C1BB94 /* BlurViewModel.swift in Sources */ = {isa = PBXBuildFile; fileRef = D0C85B8D2B6C660A00C1BB94 /* BlurViewModel.swift */; };
		D0C85B902B6C663800C1BB94 /* BlurView.swift in Sources */ = {isa = PBXBuildFile; fileRef = D0C85B8F2B6C663800C1BB94 /* BlurView.swift */; };
		D0C85B922B6C668500C1BB94 /* CaptureButtonPanelView.swift in Sources */ = {isa = PBXBuildFile; fileRef = D0C85B912B6C668500C1BB94 /* CaptureButtonPanelView.swift */; };
		D0C85B952B6C673000C1BB94 /* CaptureButton.swift in Sources */ = {isa = PBXBuildFile; fileRef = D0C85B942B6C673000C1BB94 /* CaptureButton.swift */; };
		D0C85B972B6C675C00C1BB94 /* ResetARModelOrientationButton.swift in Sources */ = {isa = PBXBuildFile; fileRef = D0C85B962B6C675C00C1BB94 /* ResetARModelOrientationButton.swift */; };
		D0C85B992B6C679600C1BB94 /* FlashSwitchButton.swift in Sources */ = {isa = PBXBuildFile; fileRef = D0C85B982B6C679600C1BB94 /* FlashSwitchButton.swift */; };
		D0C85B9C2B6C687800C1BB94 /* AuditoryCaptureFeedbackManager.swift in Sources */ = {isa = PBXBuildFile; fileRef = D0C85B9B2B6C687800C1BB94 /* AuditoryCaptureFeedbackManager.swift */; };
		D0C85B9E2B6C68C000C1BB94 /* pororo.mp3 in Resources */ = {isa = PBXBuildFile; fileRef = D0C85B9D2B6C68C000C1BB94 /* pororo.mp3 */; };
		D0C85BA22B6C69B300C1BB94 /* captureObj.usdz in Resources */ = {isa = PBXBuildFile; fileRef = D0C85BA12B6C69B300C1BB94 /* captureObj.usdz */; };
		D0C85BA42B6C6C8C00C1BB94 /* ARModelPresentationView.swift in Sources */ = {isa = PBXBuildFile; fileRef = D0C85BA32B6C6C8C00C1BB94 /* ARModelPresentationView.swift */; };
		D0C85BA82B6C83C000C1BB94 /* ARModelManager.swift in Sources */ = {isa = PBXBuildFile; fileRef = D0C85BA72B6C83C000C1BB94 /* ARModelManager.swift */; };
		D0C85BAB2B6CA05800C1BB94 /* CaptureProgressBarIndicatorView.swift in Sources */ = {isa = PBXBuildFile; fileRef = D0C85BAA2B6CA05800C1BB94 /* CaptureProgressBarIndicatorView.swift */; };
		D0D953832B6097F200E9FB71 /* DirectoryManager.swift in Sources */ = {isa = PBXBuildFile; fileRef = D0D953822B6097F200E9FB71 /* DirectoryManager.swift */; };
		D0D953862B60F5E800E9FB71 /* ObjCaptureView.swift in Sources */ = {isa = PBXBuildFile; fileRef = D0D953852B60F5E800E9FB71 /* ObjCaptureView.swift */; };
		D0EB37872B5DDED100A54AA7 /* ObjectReconApp.swift in Sources */ = {isa = PBXBuildFile; fileRef = D0EB37862B5DDED100A54AA7 /* ObjectReconApp.swift */; };
		D0EB378B2B5DDED400A54AA7 /* Assets.xcassets in Resources */ = {isa = PBXBuildFile; fileRef = D0EB378A2B5DDED400A54AA7 /* Assets.xcassets */; };
		D0EB378E2B5DDED400A54AA7 /* Preview Assets.xcassets in Resources */ = {isa = PBXBuildFile; fileRef = D0EB378D2B5DDED400A54AA7 /* Preview Assets.xcassets */; };
		D0EB37962B5DE75100A54AA7 /* Camera.swift in Sources */ = {isa = PBXBuildFile; fileRef = D0EB37952B5DE75100A54AA7 /* Camera.swift */; };
		D0EB37A42B5E5A7800A54AA7 /* CaptureSession.swift in Sources */ = {isa = PBXBuildFile; fileRef = D0EB37A32B5E5A7800A54AA7 /* CaptureSession.swift */; };
		D0EB37A62B5E695200A54AA7 /* PhotoCaptureManager.swift in Sources */ = {isa = PBXBuildFile; fileRef = D0EB37A52B5E695200A54AA7 /* PhotoCaptureManager.swift */; };
		D0EB37AA2B5E6B0400A54AA7 /* VideoPreview.swift in Sources */ = {isa = PBXBuildFile; fileRef = D0EB37A92B5E6B0400A54AA7 /* VideoPreview.swift */; };
		D0EB37AD2B5E762100A54AA7 /* PhotoCaptureSettings.swift in Sources */ = {isa = PBXBuildFile; fileRef = D0EB37AC2B5E762100A54AA7 /* PhotoCaptureSettings.swift */; };
		D0EB37AF2B5E763700A54AA7 /* PhotoCaptureProcessor.swift in Sources */ = {isa = PBXBuildFile; fileRef = D0EB37AE2B5E763700A54AA7 /* PhotoCaptureProcessor.swift */; };
		D0FA08F72B6B6A5E008FB3C5 /* ObjCaptureInstructionView.swift in Sources */ = {isa = PBXBuildFile; fileRef = D0FA08F62B6B6A5E008FB3C5 /* ObjCaptureInstructionView.swift */; };
		D0FA08FD2B6B78C2008FB3C5 /* ObjCaptureInstructionViewModel.swift in Sources */ = {isa = PBXBuildFile; fileRef = D0FA08FC2B6B78C2008FB3C5 /* ObjCaptureInstructionViewModel.swift */; };
/* End PBXBuildFile section */

/* Begin PBXFileReference section */
		741DE2112B730A1B009EBF08 /* UploadProgressCircleView.swift */ = {isa = PBXFileReference; lastKnownFileType = sourcecode.swift; path = UploadProgressCircleView.swift; sourceTree = "<group>"; };
		741DE2132B730AF2009EBF08 /* FireStorageHelper.swift */ = {isa = PBXFileReference; lastKnownFileType = sourcecode.swift; name = FireStorageHelper.swift; path = ObjectRecon/Firebase/FireStorageHelper.swift; sourceTree = SOURCE_ROOT; };
		741DE2152B730F7E009EBF08 /* UploadButton.swift */ = {isa = PBXFileReference; lastKnownFileType = sourcecode.swift; path = UploadButton.swift; sourceTree = "<group>"; };
		741DE2172B731814009EBF08 /* GoogleService-Info.plist */ = {isa = PBXFileReference; fileEncoding = 4; lastKnownFileType = text.plist.xml; path = "GoogleService-Info.plist"; sourceTree = "<group>"; };
		D008F6C72B734346002D8179 /* TopPanelView.swift */ = {isa = PBXFileReference; lastKnownFileType = sourcecode.swift; path = TopPanelView.swift; sourceTree = "<group>"; };
		D008F6C92B7362AD002D8179 /* ObjARModelView.swift */ = {isa = PBXFileReference; lastKnownFileType = sourcecode.swift; path = ObjARModelView.swift; sourceTree = "<group>"; };
		D008F6CB2B7363B4002D8179 /* mouse_preview.usdz */ = {isa = PBXFileReference; lastKnownFileType = file.usdz; path = mouse_preview.usdz; sourceTree = "<group>"; };
		D008F6CD2B7363EA002D8179 /* Rock36_reduced.usdz */ = {isa = PBXFileReference; lastKnownFileType = file.usdz; path = Rock36_reduced.usdz; sourceTree = "<group>"; };
		D008F6CF2B7363F2002D8179 /* cup_preview.usdz */ = {isa = PBXFileReference; lastKnownFileType = file.usdz; path = cup_preview.usdz; sourceTree = "<group>"; };
		D00F49382B7443DD00E856A9 /* ObjARModelViewModel.swift */ = {isa = PBXFileReference; lastKnownFileType = sourcecode.swift; path = ObjARModelViewModel.swift; sourceTree = "<group>"; };
		D00F493B2B74449A00E856A9 /* ObjInfoView.swift */ = {isa = PBXFileReference; lastKnownFileType = sourcecode.swift; path = ObjInfoView.swift; sourceTree = "<group>"; };
		D01D77172B7071D50064C4B5 /* ButtonParameters.swift */ = {isa = PBXFileReference; lastKnownFileType = sourcecode.swift; path = ButtonParameters.swift; sourceTree = "<group>"; };
		D01D771C2B70DC270064C4B5 /* TopInfoPanelView.swift */ = {isa = PBXFileReference; lastKnownFileType = sourcecode.swift; path = TopInfoPanelView.swift; sourceTree = "<group>"; };
		D05B6EC82B63A872002FCFBA /* PhotoCaptureExtensions.swift */ = {isa = PBXFileReference; lastKnownFileType = sourcecode.swift; path = PhotoCaptureExtensions.swift; sourceTree = "<group>"; };
		D0822F562B7201DC00E081C1 /* CaptureModeMenu.swift */ = {isa = PBXFileReference; lastKnownFileType = sourcecode.swift; path = CaptureModeMenu.swift; sourceTree = "<group>"; };
		D0822F5C2B723DC100E081C1 /* ObjCaptureInstructionVid.mp4 */ = {isa = PBXFileReference; lastKnownFileType = file; path = ObjCaptureInstructionVid.mp4; sourceTree = "<group>"; };
		D08728E52B68D95400D61CBF /* VideoDataOutputManager.swift */ = {isa = PBXFileReference; lastKnownFileType = sourcecode.swift; path = VideoDataOutputManager.swift; sourceTree = "<group>"; };
		D08728E72B68F6AA00D61CBF /* UpperTeethDetector.mlmodel */ = {isa = PBXFileReference; lastKnownFileType = file.mlmodel; path = UpperTeethDetector.mlmodel; sourceTree = "<group>"; };
		D0A4D16A2B677A2B007961DA /* DeviceMotionProvider.swift */ = {isa = PBXFileReference; lastKnownFileType = sourcecode.swift; path = DeviceMotionProvider.swift; sourceTree = "<group>"; };
		D0A4D16D2B677DA4007961DA /* DeviceMotionExtensions.swift */ = {isa = PBXFileReference; lastKnownFileType = sourcecode.swift; path = DeviceMotionExtensions.swift; sourceTree = "<group>"; };
		D0A4D16F2B67A9CE007961DA /* MLDetector.swift */ = {isa = PBXFileReference; lastKnownFileType = sourcecode.swift; path = MLDetector.swift; sourceTree = "<group>"; };
		D0A4D1772B67AB89007961DA /* AutoCaptureManager.swift */ = {isa = PBXFileReference; lastKnownFileType = sourcecode.swift; path = AutoCaptureManager.swift; sourceTree = "<group>"; };
		D0A9E2732B5F44DA006B7CA8 /* CameraPreviewView.swift */ = {isa = PBXFileReference; lastKnownFileType = sourcecode.swift; path = CameraPreviewView.swift; sourceTree = "<group>"; };
		D0AB95C62B74B1EB007740E7 /* RootView.swift */ = {isa = PBXFileReference; lastKnownFileType = sourcecode.swift; path = RootView.swift; sourceTree = "<group>"; };
		D0AB95CF2B74BEA7007740E7 /* PageNavigationControllerView.swift */ = {isa = PBXFileReference; lastKnownFileType = sourcecode.swift; path = PageNavigationControllerView.swift; sourceTree = "<group>"; };
		D0AB95D12B74C431007740E7 /* GoToModelPlatformButton.swift */ = {isa = PBXFileReference; lastKnownFileType = sourcecode.swift; path = GoToModelPlatformButton.swift; sourceTree = "<group>"; };
		D0B4B1472B72F57F0098CB3B /* ObjPresentationPlatformView.swift */ = {isa = PBXFileReference; lastKnownFileType = sourcecode.swift; path = ObjPresentationPlatformView.swift; sourceTree = "<group>"; };
		D0B4B14A2B7311630098CB3B /* ObjContainerView.swift */ = {isa = PBXFileReference; lastKnownFileType = sourcecode.swift; path = ObjContainerView.swift; sourceTree = "<group>"; };
		D0B4B14C2B7311870098CB3B /* ObjPresentationPlatformViewModel.swift */ = {isa = PBXFileReference; lastKnownFileType = sourcecode.swift; path = ObjPresentationPlatformViewModel.swift; sourceTree = "<group>"; };
		D0B4B14E2B7311FA0098CB3B /* ObjPresentationPlatformModel.swift */ = {isa = PBXFileReference; lastKnownFileType = sourcecode.swift; path = ObjPresentationPlatformModel.swift; sourceTree = "<group>"; };
		D0C85B812B6C5A3300C1BB94 /* ObjCaptureViewModel.swift */ = {isa = PBXFileReference; lastKnownFileType = sourcecode.swift; path = ObjCaptureViewModel.swift; sourceTree = "<group>"; };
		D0C85B842B6C5FB700C1BB94 /* CaptureProgressBarView.swift */ = {isa = PBXFileReference; fileEncoding = 4; lastKnownFileType = sourcecode.swift; path = CaptureProgressBarView.swift; sourceTree = "<group>"; };
		D0C85B852B6C5FB700C1BB94 /* CaptureProgressBarViewModel.swift */ = {isa = PBXFileReference; fileEncoding = 4; lastKnownFileType = sourcecode.swift; path = CaptureProgressBarViewModel.swift; sourceTree = "<group>"; };
		D0C85B862B6C5FB700C1BB94 /* CaptureProgressBarModel.swift */ = {isa = PBXFileReference; fileEncoding = 4; lastKnownFileType = sourcecode.swift; path = CaptureProgressBarModel.swift; sourceTree = "<group>"; };
		D0C85B8D2B6C660A00C1BB94 /* BlurViewModel.swift */ = {isa = PBXFileReference; fileEncoding = 4; lastKnownFileType = sourcecode.swift; path = BlurViewModel.swift; sourceTree = "<group>"; };
		D0C85B8F2B6C663800C1BB94 /* BlurView.swift */ = {isa = PBXFileReference; lastKnownFileType = sourcecode.swift; path = BlurView.swift; sourceTree = "<group>"; };
		D0C85B912B6C668500C1BB94 /* CaptureButtonPanelView.swift */ = {isa = PBXFileReference; lastKnownFileType = sourcecode.swift; path = CaptureButtonPanelView.swift; sourceTree = "<group>"; };
		D0C85B942B6C673000C1BB94 /* CaptureButton.swift */ = {isa = PBXFileReference; lastKnownFileType = sourcecode.swift; path = CaptureButton.swift; sourceTree = "<group>"; };
		D0C85B962B6C675C00C1BB94 /* ResetARModelOrientationButton.swift */ = {isa = PBXFileReference; lastKnownFileType = sourcecode.swift; path = ResetARModelOrientationButton.swift; sourceTree = "<group>"; };
		D0C85B982B6C679600C1BB94 /* FlashSwitchButton.swift */ = {isa = PBXFileReference; lastKnownFileType = sourcecode.swift; path = FlashSwitchButton.swift; sourceTree = "<group>"; };
		D0C85B9B2B6C687800C1BB94 /* AuditoryCaptureFeedbackManager.swift */ = {isa = PBXFileReference; fileEncoding = 4; lastKnownFileType = sourcecode.swift; path = AuditoryCaptureFeedbackManager.swift; sourceTree = "<group>"; };
		D0C85B9D2B6C68C000C1BB94 /* pororo.mp3 */ = {isa = PBXFileReference; lastKnownFileType = audio.mp3; path = pororo.mp3; sourceTree = "<group>"; };
		D0C85BA12B6C69B300C1BB94 /* captureObj.usdz */ = {isa = PBXFileReference; lastKnownFileType = file.usdz; path = captureObj.usdz; sourceTree = "<group>"; };
		D0C85BA32B6C6C8C00C1BB94 /* ARModelPresentationView.swift */ = {isa = PBXFileReference; fileEncoding = 4; lastKnownFileType = sourcecode.swift; path = ARModelPresentationView.swift; sourceTree = "<group>"; };
		D0C85BA72B6C83C000C1BB94 /* ARModelManager.swift */ = {isa = PBXFileReference; lastKnownFileType = sourcecode.swift; path = ARModelManager.swift; sourceTree = "<group>"; };
		D0C85BAA2B6CA05800C1BB94 /* CaptureProgressBarIndicatorView.swift */ = {isa = PBXFileReference; lastKnownFileType = sourcecode.swift; path = CaptureProgressBarIndicatorView.swift; sourceTree = "<group>"; };
		D0CEEFB52B61272E001B79A1 /* Info.plist */ = {isa = PBXFileReference; lastKnownFileType = text.plist; path = Info.plist; sourceTree = "<group>"; };
		D0D953822B6097F200E9FB71 /* DirectoryManager.swift */ = {isa = PBXFileReference; lastKnownFileType = sourcecode.swift; path = DirectoryManager.swift; sourceTree = "<group>"; };
		D0D953852B60F5E800E9FB71 /* ObjCaptureView.swift */ = {isa = PBXFileReference; lastKnownFileType = sourcecode.swift; path = ObjCaptureView.swift; sourceTree = "<group>"; };
		D0EB37832B5DDED100A54AA7 /* ObjectRecon.app */ = {isa = PBXFileReference; explicitFileType = wrapper.application; includeInIndex = 0; path = ObjectRecon.app; sourceTree = BUILT_PRODUCTS_DIR; };
		D0EB37862B5DDED100A54AA7 /* ObjectReconApp.swift */ = {isa = PBXFileReference; lastKnownFileType = sourcecode.swift; path = ObjectReconApp.swift; sourceTree = "<group>"; };
		D0EB378A2B5DDED400A54AA7 /* Assets.xcassets */ = {isa = PBXFileReference; lastKnownFileType = folder.assetcatalog; path = Assets.xcassets; sourceTree = "<group>"; };
		D0EB378D2B5DDED400A54AA7 /* Preview Assets.xcassets */ = {isa = PBXFileReference; lastKnownFileType = folder.assetcatalog; path = "Preview Assets.xcassets"; sourceTree = "<group>"; };
		D0EB37952B5DE75100A54AA7 /* Camera.swift */ = {isa = PBXFileReference; lastKnownFileType = sourcecode.swift; path = Camera.swift; sourceTree = "<group>"; };
		D0EB37A32B5E5A7800A54AA7 /* CaptureSession.swift */ = {isa = PBXFileReference; lastKnownFileType = sourcecode.swift; path = CaptureSession.swift; sourceTree = "<group>"; };
		D0EB37A52B5E695200A54AA7 /* PhotoCaptureManager.swift */ = {isa = PBXFileReference; lastKnownFileType = sourcecode.swift; path = PhotoCaptureManager.swift; sourceTree = "<group>"; };
		D0EB37A92B5E6B0400A54AA7 /* VideoPreview.swift */ = {isa = PBXFileReference; lastKnownFileType = sourcecode.swift; path = VideoPreview.swift; sourceTree = "<group>"; };
		D0EB37AC2B5E762100A54AA7 /* PhotoCaptureSettings.swift */ = {isa = PBXFileReference; lastKnownFileType = sourcecode.swift; path = PhotoCaptureSettings.swift; sourceTree = "<group>"; };
		D0EB37AE2B5E763700A54AA7 /* PhotoCaptureProcessor.swift */ = {isa = PBXFileReference; lastKnownFileType = sourcecode.swift; path = PhotoCaptureProcessor.swift; sourceTree = "<group>"; };
		D0FA08F62B6B6A5E008FB3C5 /* ObjCaptureInstructionView.swift */ = {isa = PBXFileReference; lastKnownFileType = sourcecode.swift; path = ObjCaptureInstructionView.swift; sourceTree = "<group>"; };
		D0FA08FC2B6B78C2008FB3C5 /* ObjCaptureInstructionViewModel.swift */ = {isa = PBXFileReference; lastKnownFileType = sourcecode.swift; path = ObjCaptureInstructionViewModel.swift; sourceTree = "<group>"; };
/* End PBXFileReference section */

/* Begin PBXFrameworksBuildPhase section */
		D0EB37802B5DDED100A54AA7 /* Frameworks */ = {
			isa = PBXFrameworksBuildPhase;
			buildActionMask = 2147483647;
			files = (
				741DE20E2B730946009EBF08 /* FirebaseStorage in Frameworks */,
				741DE1D92B7308BD009EBF08 /* ZIPFoundation in Frameworks */,
			);
			runOnlyForDeploymentPostprocessing = 0;
		};
/* End PBXFrameworksBuildPhase section */

/* Begin PBXGroup section */
		741DE2192B731E78009EBF08 /* Firebase */ = {
			isa = PBXGroup;
			children = (
				741DE2132B730AF2009EBF08 /* FireStorageHelper.swift */,
			);
			path = Firebase;
			sourceTree = "<group>";
		};
		D008F6C62B7342F2002D8179 /* TopPanelViewComponents */ = {
			isa = PBXGroup;
			children = (
				741DE2152B730F7E009EBF08 /* UploadButton.swift */,
				D01D771C2B70DC270064C4B5 /* TopInfoPanelView.swift */,
				D0822F562B7201DC00E081C1 /* CaptureModeMenu.swift */,
				D0AB95D12B74C431007740E7 /* GoToModelPlatformButton.swift */,
			);
			path = TopPanelViewComponents;
			sourceTree = "<group>";
		};
		D00F49372B7443B200E856A9 /* ObjContainerView */ = {
			isa = PBXGroup;
			children = (
				D0B4B14A2B7311630098CB3B /* ObjContainerView.swift */,
				D00F493A2B74441D00E856A9 /* ObjContainerViewComponents */,
			);
			path = ObjContainerView;
			sourceTree = "<group>";
		};
		D00F493A2B74441D00E856A9 /* ObjContainerViewComponents */ = {
			isa = PBXGroup;
			children = (
				D008F6C92B7362AD002D8179 /* ObjARModelView.swift */,
				D00F49382B7443DD00E856A9 /* ObjARModelViewModel.swift */,
			);
			path = ObjContainerViewComponents;
			sourceTree = "<group>";
		};
		D01D771B2B70DC170064C4B5 /* TopPanelView */ = {
			isa = PBXGroup;
			children = (
				D008F6C72B734346002D8179 /* TopPanelView.swift */,
				D008F6C62B7342F2002D8179 /* TopPanelViewComponents */,
			);
			path = TopPanelView;
			sourceTree = "<group>";
		};
		D05B6EC52B621627002FCFBA /* PhotoCaptureHelpers */ = {
			isa = PBXGroup;
			children = (
				D0EB37AC2B5E762100A54AA7 /* PhotoCaptureSettings.swift */,
				D0EB37AE2B5E763700A54AA7 /* PhotoCaptureProcessor.swift */,
				D05B6EC82B63A872002FCFBA /* PhotoCaptureExtensions.swift */,
			);
			path = PhotoCaptureHelpers;
			sourceTree = "<group>";
		};
		D06B83662B69E50C008393A3 /* ObjPresentationPlatformPage */ = {
			isa = PBXGroup;
			children = (
				D0B4B1472B72F57F0098CB3B /* ObjPresentationPlatformView.swift */,
				D0B4B14C2B7311870098CB3B /* ObjPresentationPlatformViewModel.swift */,
				D0B4B14E2B7311FA0098CB3B /* ObjPresentationPlatformModel.swift */,
				D0B4B1492B7311440098CB3B /* ObjPresentationPlatformViewComponents */,
			);
			path = ObjPresentationPlatformPage;
			sourceTree = "<group>";
		};
		D08728E22B68C8C400D61CBF /* CameraPreviewView */ = {
			isa = PBXGroup;
			children = (
				D0A9E2732B5F44DA006B7CA8 /* CameraPreviewView.swift */,
				D0EB37A92B5E6B0400A54AA7 /* VideoPreview.swift */,
			);
			path = CameraPreviewView;
			sourceTree = "<group>";
		};
		D08728E92B68F6BE00D61CBF /* MLDetector */ = {
			isa = PBXGroup;
			children = (
				D0A4D16F2B67A9CE007961DA /* MLDetector.swift */,
				D08728E72B68F6AA00D61CBF /* UpperTeethDetector.mlmodel */,
			);
			path = MLDetector;
			sourceTree = "<group>";
		};
		D0A4D1692B677920007961DA /* AutoCaptureComponents */ = {
			isa = PBXGroup;
			children = (
				D0EB37942B5DE6F200A54AA7 /* DeviceCapture */,
				D0A4D16C2B677D8A007961DA /* DeviceMotion */,
				D08728E92B68F6BE00D61CBF /* MLDetector */,
				D0C85B9A2B6C684E00C1BB94 /* AuditoryCaptureFeedback */,
				D0A9E2752B5FC164006B7CA8 /* FileManager */,
			);
			path = AutoCaptureComponents;
			sourceTree = "<group>";
		};
		D0A4D16C2B677D8A007961DA /* DeviceMotion */ = {
			isa = PBXGroup;
			children = (
				D0A4D16A2B677A2B007961DA /* DeviceMotionProvider.swift */,
				D0A4D1752B67AAF1007961DA /* DeviceMotionProviderHelpers */,
			);
			path = DeviceMotion;
			sourceTree = "<group>";
		};
		D0A4D1752B67AAF1007961DA /* DeviceMotionProviderHelpers */ = {
			isa = PBXGroup;
			children = (
				D0A4D16D2B677DA4007961DA /* DeviceMotionExtensions.swift */,
			);
			path = DeviceMotionProviderHelpers;
			sourceTree = "<group>";
		};
		D0A4D1762B67AB73007961DA /* AutoCaptureModule */ = {
			isa = PBXGroup;
			children = (
				D0A4D1772B67AB89007961DA /* AutoCaptureManager.swift */,
				D0A4D1692B677920007961DA /* AutoCaptureComponents */,
			);
			path = AutoCaptureModule;
			sourceTree = "<group>";
		};
		D0A4D1792B67ABD1007961DA /* ObjCapturePage */ = {
			isa = PBXGroup;
			children = (
				D0D953852B60F5E800E9FB71 /* ObjCaptureView.swift */,
				D0C85B812B6C5A3300C1BB94 /* ObjCaptureViewModel.swift */,
				D0C85BA72B6C83C000C1BB94 /* ARModelManager.swift */,
				D0D953842B60F58600E9FB71 /* ObjCaptureViewComponents */,
				D0A4D1762B67AB73007961DA /* AutoCaptureModule */,
			);
			path = ObjCapturePage;
			sourceTree = "<group>";
		};
		D0A9E2752B5FC164006B7CA8 /* FileManager */ = {
			isa = PBXGroup;
			children = (
				D0D953822B6097F200E9FB71 /* DirectoryManager.swift */,
			);
			path = FileManager;
			sourceTree = "<group>";
		};
		D0B4B1492B7311440098CB3B /* ObjPresentationPlatformViewComponents */ = {
			isa = PBXGroup;
			children = (
				D008F6CB2B7363B4002D8179 /* mouse_preview.usdz */,
				D008F6CD2B7363EA002D8179 /* Rock36_reduced.usdz */,
				D008F6CF2B7363F2002D8179 /* cup_preview.usdz */,
				D00F493B2B74449A00E856A9 /* ObjInfoView.swift */,
				D00F49372B7443B200E856A9 /* ObjContainerView */,
			);
			path = ObjPresentationPlatformViewComponents;
			sourceTree = "<group>";
		};
		D0C85B832B6C5F9A00C1BB94 /* ProgressBars */ = {
			isa = PBXGroup;
			children = (
				D0C85B842B6C5FB700C1BB94 /* CaptureProgressBarView.swift */,
				D0C85BAA2B6CA05800C1BB94 /* CaptureProgressBarIndicatorView.swift */,
				D0C85B852B6C5FB700C1BB94 /* CaptureProgressBarViewModel.swift */,
				D0C85B862B6C5FB700C1BB94 /* CaptureProgressBarModel.swift */,
				741DE2112B730A1B009EBF08 /* UploadProgressCircleView.swift */,
			);
			path = ProgressBars;
			sourceTree = "<group>";
		};
		D0C85B8A2B6C606100C1BB94 /* BlurView */ = {
			isa = PBXGroup;
			children = (
				D0C85B8F2B6C663800C1BB94 /* BlurView.swift */,
				D0C85B8D2B6C660A00C1BB94 /* BlurViewModel.swift */,
			);
			path = BlurView;
			sourceTree = "<group>";
		};
		D0C85B8B2B6C614600C1BB94 /* CaptureButtonPanelView */ = {
			isa = PBXGroup;
			children = (
				D0C85B912B6C668500C1BB94 /* CaptureButtonPanelView.swift */,
				D0C85B932B6C668A00C1BB94 /* CaptureButtonPanelViewComponents */,
			);
			path = CaptureButtonPanelView;
			sourceTree = "<group>";
		};
		D0C85B8C2B6C617200C1BB94 /* ARModelPresentationView */ = {
			isa = PBXGroup;
			children = (
				D0C85BA32B6C6C8C00C1BB94 /* ARModelPresentationView.swift */,
				D0C85BA12B6C69B300C1BB94 /* captureObj.usdz */,
			);
			path = ARModelPresentationView;
			sourceTree = "<group>";
		};
		D0C85B932B6C668A00C1BB94 /* CaptureButtonPanelViewComponents */ = {
			isa = PBXGroup;
			children = (
				D0C85B942B6C673000C1BB94 /* CaptureButton.swift */,
				D0C85B962B6C675C00C1BB94 /* ResetARModelOrientationButton.swift */,
				D0C85B982B6C679600C1BB94 /* FlashSwitchButton.swift */,
				D01D77172B7071D50064C4B5 /* ButtonParameters.swift */,
			);
			path = CaptureButtonPanelViewComponents;
			sourceTree = "<group>";
		};
		D0C85B9A2B6C684E00C1BB94 /* AuditoryCaptureFeedback */ = {
			isa = PBXGroup;
			children = (
				D0C85B9B2B6C687800C1BB94 /* AuditoryCaptureFeedbackManager.swift */,
				D0C85B9D2B6C68C000C1BB94 /* pororo.mp3 */,
			);
			path = AuditoryCaptureFeedback;
			sourceTree = "<group>";
		};
		D0D953842B60F58600E9FB71 /* ObjCaptureViewComponents */ = {
			isa = PBXGroup;
			children = (
				D01D771B2B70DC170064C4B5 /* TopPanelView */,
				D0C85B8C2B6C617200C1BB94 /* ARModelPresentationView */,
				D0C85B8B2B6C614600C1BB94 /* CaptureButtonPanelView */,
				D0C85B8A2B6C606100C1BB94 /* BlurView */,
				D0C85B832B6C5F9A00C1BB94 /* ProgressBars */,
				D08728E22B68C8C400D61CBF /* CameraPreviewView */,
			);
			path = ObjCaptureViewComponents;
			sourceTree = "<group>";
		};
		D0EB377A2B5DDED100A54AA7 = {
			isa = PBXGroup;
			children = (
				D0EB37852B5DDED100A54AA7 /* ObjectRecon */,
				D0EB37842B5DDED100A54AA7 /* Products */,
			);
			sourceTree = "<group>";
		};
		D0EB37842B5DDED100A54AA7 /* Products */ = {
			isa = PBXGroup;
			children = (
				D0EB37832B5DDED100A54AA7 /* ObjectRecon.app */,
			);
			name = Products;
			sourceTree = "<group>";
		};
		D0EB37852B5DDED100A54AA7 /* ObjectRecon */ = {
			isa = PBXGroup;
			children = (
				D0CEEFB52B61272E001B79A1 /* Info.plist */,
				741DE2172B731814009EBF08 /* GoogleService-Info.plist */,
				D0EB37862B5DDED100A54AA7 /* ObjectReconApp.swift */,
				D0AB95C62B74B1EB007740E7 /* RootView.swift */,
				D0AB95CF2B74BEA7007740E7 /* PageNavigationControllerView.swift */,
				741DE2192B731E78009EBF08 /* Firebase */,
				D0FA08F52B6B6A3E008FB3C5 /* ObjCaptureInstructionPage */,
				D0A4D1792B67ABD1007961DA /* ObjCapturePage */,
				D06B83662B69E50C008393A3 /* ObjPresentationPlatformPage */,
				D0EB378A2B5DDED400A54AA7 /* Assets.xcassets */,
				D0EB378C2B5DDED400A54AA7 /* Preview Content */,
			);
			path = ObjectRecon;
			sourceTree = "<group>";
		};
		D0EB378C2B5DDED400A54AA7 /* Preview Content */ = {
			isa = PBXGroup;
			children = (
				D0EB378D2B5DDED400A54AA7 /* Preview Assets.xcassets */,
			);
			path = "Preview Content";
			sourceTree = "<group>";
		};
		D0EB37942B5DE6F200A54AA7 /* DeviceCapture */ = {
			isa = PBXGroup;
			children = (
				D0EB37A32B5E5A7800A54AA7 /* CaptureSession.swift */,
				D0EB37A82B5E6AA800A54AA7 /* Inputs */,
				D0EB37A72B5E6A9B00A54AA7 /* Outputs */,
			);
			path = DeviceCapture;
			sourceTree = "<group>";
		};
		D0EB37A72B5E6A9B00A54AA7 /* Outputs */ = {
			isa = PBXGroup;
			children = (
				D0EB37B02B5E76C100A54AA7 /* VideoDataOutput */,
				D0EB37AB2B5E75CD00A54AA7 /* PhotoOutput */,
			);
			path = Outputs;
			sourceTree = "<group>";
		};
		D0EB37A82B5E6AA800A54AA7 /* Inputs */ = {
			isa = PBXGroup;
			children = (
				D0EB37952B5DE75100A54AA7 /* Camera.swift */,
			);
			path = Inputs;
			sourceTree = "<group>";
		};
		D0EB37AB2B5E75CD00A54AA7 /* PhotoOutput */ = {
			isa = PBXGroup;
			children = (
				D0EB37A52B5E695200A54AA7 /* PhotoCaptureManager.swift */,
				D05B6EC52B621627002FCFBA /* PhotoCaptureHelpers */,
			);
			path = PhotoOutput;
			sourceTree = "<group>";
		};
		D0EB37B02B5E76C100A54AA7 /* VideoDataOutput */ = {
			isa = PBXGroup;
			children = (
				D08728E52B68D95400D61CBF /* VideoDataOutputManager.swift */,
			);
			path = VideoDataOutput;
			sourceTree = "<group>";
		};
		D0FA08F52B6B6A3E008FB3C5 /* ObjCaptureInstructionPage */ = {
			isa = PBXGroup;
			children = (
				D0FA08F62B6B6A5E008FB3C5 /* ObjCaptureInstructionView.swift */,
				D0FA08FC2B6B78C2008FB3C5 /* ObjCaptureInstructionViewModel.swift */,
				D0822F5C2B723DC100E081C1 /* ObjCaptureInstructionVid.mp4 */,
			);
			path = ObjCaptureInstructionPage;
			sourceTree = "<group>";
		};
/* End PBXGroup section */

/* Begin PBXNativeTarget section */
		D0EB37822B5DDED100A54AA7 /* ObjectRecon */ = {
			isa = PBXNativeTarget;
			buildConfigurationList = D0EB37912B5DDED400A54AA7 /* Build configuration list for PBXNativeTarget "ObjectRecon" */;
			buildPhases = (
				D0EB377F2B5DDED100A54AA7 /* Sources */,
				D0EB37802B5DDED100A54AA7 /* Frameworks */,
				D0EB37812B5DDED100A54AA7 /* Resources */,
			);
			buildRules = (
			);
			dependencies = (
			);
			name = ObjectRecon;
			packageProductDependencies = (
				741DE1D82B7308BD009EBF08 /* ZIPFoundation */,
				741DE20D2B730946009EBF08 /* FirebaseStorage */,
			);
			productName = ObjectRecon;
			productReference = D0EB37832B5DDED100A54AA7 /* ObjectRecon.app */;
			productType = "com.apple.product-type.application";
		};
/* End PBXNativeTarget section */

/* Begin PBXProject section */
		D0EB377B2B5DDED100A54AA7 /* Project object */ = {
			isa = PBXProject;
			attributes = {
				BuildIndependentTargetsInParallel = YES;
				LastSwiftUpdateCheck = 1520;
				LastUpgradeCheck = 1520;
				TargetAttributes = {
					D0EB37822B5DDED100A54AA7 = {
						CreatedOnToolsVersion = 15.2;
					};
				};
			};
			buildConfigurationList = D0EB377E2B5DDED100A54AA7 /* Build configuration list for PBXProject "ObjectRecon" */;
			compatibilityVersion = "Xcode 14.0";
			developmentRegion = en;
			hasScannedForEncodings = 0;
			knownRegions = (
				en,
				Base,
			);
			mainGroup = D0EB377A2B5DDED100A54AA7;
			packageReferences = (
				741DE1D72B7308BD009EBF08 /* XCRemoteSwiftPackageReference "ZIPFoundation" */,
				741DE1DA2B730946009EBF08 /* XCRemoteSwiftPackageReference "firebase-ios-sdk" */,
			);
			productRefGroup = D0EB37842B5DDED100A54AA7 /* Products */;
			projectDirPath = "";
			projectRoot = "";
			targets = (
				D0EB37822B5DDED100A54AA7 /* ObjectRecon */,
			);
		};
/* End PBXProject section */

/* Begin PBXResourcesBuildPhase section */
		D0EB37812B5DDED100A54AA7 /* Resources */ = {
			isa = PBXResourcesBuildPhase;
			buildActionMask = 2147483647;
			files = (
				D0822F5D2B723DC800E081C1 /* ObjCaptureInstructionVid.mp4 in Resources */,
				D0C85B9E2B6C68C000C1BB94 /* pororo.mp3 in Resources */,
				D008F6CE2B7363EA002D8179 /* Rock36_reduced.usdz in Resources */,
				D008F6CC2B7363B4002D8179 /* mouse_preview.usdz in Resources */,
				D0EB378E2B5DDED400A54AA7 /* Preview Assets.xcassets in Resources */,
				D0C85BA22B6C69B300C1BB94 /* captureObj.usdz in Resources */,
				D0EB378B2B5DDED400A54AA7 /* Assets.xcassets in Resources */,
				741DE2182B731814009EBF08 /* GoogleService-Info.plist in Resources */,
				D008F6D02B7363F2002D8179 /* cup_preview.usdz in Resources */,
			);
			runOnlyForDeploymentPostprocessing = 0;
		};
/* End PBXResourcesBuildPhase section */

/* Begin PBXSourcesBuildPhase section */
		D0EB377F2B5DDED100A54AA7 /* Sources */ = {
			isa = PBXSourcesBuildPhase;
			buildActionMask = 2147483647;
			files = (
				D0AB95C82B74B28F007740E7 /* ObjPresentationPlatformView.swift in Sources */,
				D0C85BA42B6C6C8C00C1BB94 /* ARModelPresentationView.swift in Sources */,
				D0B4B14D2B7311870098CB3B /* ObjPresentationPlatformViewModel.swift in Sources */,
				D0A4D16E2B677DA4007961DA /* DeviceMotionExtensions.swift in Sources */,
				D0C85B902B6C663800C1BB94 /* BlurView.swift in Sources */,
				D08728E62B68D95400D61CBF /* VideoDataOutputManager.swift in Sources */,
				D0C85B892B6C5FB700C1BB94 /* CaptureProgressBarModel.swift in Sources */,
				D008F6C82B734346002D8179 /* TopPanelView.swift in Sources */,
				741DE2142B730AF2009EBF08 /* FireStorageHelper.swift in Sources */,
				D0FA08F72B6B6A5E008FB3C5 /* ObjCaptureInstructionView.swift in Sources */,
				D0EB37962B5DE75100A54AA7 /* Camera.swift in Sources */,
				D0A4D1782B67AB89007961DA /* AutoCaptureManager.swift in Sources */,
				D0FA08FD2B6B78C2008FB3C5 /* ObjCaptureInstructionViewModel.swift in Sources */,
				741DE2122B730A1B009EBF08 /* UploadProgressCircleView.swift in Sources */,
				D05B6EC92B63A872002FCFBA /* PhotoCaptureExtensions.swift in Sources */,
				D0AB95D22B74C431007740E7 /* GoToModelPlatformButton.swift in Sources */,
				D0B4B14B2B7311630098CB3B /* ObjContainerView.swift in Sources */,
				D08728E82B68F6AA00D61CBF /* UpperTeethDetector.mlmodel in Sources */,
				D0AB95C72B74B1EB007740E7 /* RootView.swift in Sources */,
				741DE2162B730F7E009EBF08 /* UploadButton.swift in Sources */,
				D0C85BAB2B6CA05800C1BB94 /* CaptureProgressBarIndicatorView.swift in Sources */,
				D0C85B882B6C5FB700C1BB94 /* CaptureProgressBarViewModel.swift in Sources */,
				D0A9E2742B5F44DA006B7CA8 /* CameraPreviewView.swift in Sources */,
				D0C85B922B6C668500C1BB94 /* CaptureButtonPanelView.swift in Sources */,
				D0A4D16B2B677A2B007961DA /* DeviceMotionProvider.swift in Sources */,
				D01D771D2B70DC270064C4B5 /* TopInfoPanelView.swift in Sources */,
				D0C85B992B6C679600C1BB94 /* FlashSwitchButton.swift in Sources */,
				D0D953832B6097F200E9FB71 /* DirectoryManager.swift in Sources */,
				D0D953862B60F5E800E9FB71 /* ObjCaptureView.swift in Sources */,
				D0C85B872B6C5FB700C1BB94 /* CaptureProgressBarView.swift in Sources */,
				D0EB37AD2B5E762100A54AA7 /* PhotoCaptureSettings.swift in Sources */,
				D00F49392B7443DD00E856A9 /* ObjARModelViewModel.swift in Sources */,
				D0EB37872B5DDED100A54AA7 /* ObjectReconApp.swift in Sources */,
				D0EB37A42B5E5A7800A54AA7 /* CaptureSession.swift in Sources */,
				D0C85B8E2B6C660A00C1BB94 /* BlurViewModel.swift in Sources */,
				D0C85B952B6C673000C1BB94 /* CaptureButton.swift in Sources */,
				D0EB37A62B5E695200A54AA7 /* PhotoCaptureManager.swift in Sources */,
				D01D77182B7071D50064C4B5 /* ButtonParameters.swift in Sources */,
				D0822F572B7201DC00E081C1 /* CaptureModeMenu.swift in Sources */,
				D0AB95D02B74BEA7007740E7 /* PageNavigationControllerView.swift in Sources */,
				D0EB37AF2B5E763700A54AA7 /* PhotoCaptureProcessor.swift in Sources */,
				D0C85BA82B6C83C000C1BB94 /* ARModelManager.swift in Sources */,
				D0A4D1702B67A9CE007961DA /* MLDetector.swift in Sources */,
				D0C85B972B6C675C00C1BB94 /* ResetARModelOrientationButton.swift in Sources */,
				D0B4B14F2B7311FA0098CB3B /* ObjPresentationPlatformModel.swift in Sources */,
				D0EB37AA2B5E6B0400A54AA7 /* VideoPreview.swift in Sources */,
				D0C85B822B6C5A3300C1BB94 /* ObjCaptureViewModel.swift in Sources */,
				D0C85B9C2B6C687800C1BB94 /* AuditoryCaptureFeedbackManager.swift in Sources */,
				D00F493C2B74449A00E856A9 /* ObjInfoView.swift in Sources */,
				D008F6CA2B7362AD002D8179 /* ObjARModelView.swift in Sources */,
			);
			runOnlyForDeploymentPostprocessing = 0;
		};
/* End PBXSourcesBuildPhase section */

/* Begin XCBuildConfiguration section */
		D0EB378F2B5DDED400A54AA7 /* Debug */ = {
			isa = XCBuildConfiguration;
			buildSettings = {
				ALWAYS_SEARCH_USER_PATHS = NO;
				ASSETCATALOG_COMPILER_GENERATE_SWIFT_ASSET_SYMBOL_EXTENSIONS = YES;
				CLANG_ANALYZER_NONNULL = YES;
				CLANG_ANALYZER_NUMBER_OBJECT_CONVERSION = YES_AGGRESSIVE;
				CLANG_CXX_LANGUAGE_STANDARD = "gnu++20";
				CLANG_ENABLE_MODULES = YES;
				CLANG_ENABLE_OBJC_ARC = YES;
				CLANG_ENABLE_OBJC_WEAK = YES;
				CLANG_WARN_BLOCK_CAPTURE_AUTORELEASING = YES;
				CLANG_WARN_BOOL_CONVERSION = YES;
				CLANG_WARN_COMMA = YES;
				CLANG_WARN_CONSTANT_CONVERSION = YES;
				CLANG_WARN_DEPRECATED_OBJC_IMPLEMENTATIONS = YES;
				CLANG_WARN_DIRECT_OBJC_ISA_USAGE = YES_ERROR;
				CLANG_WARN_DOCUMENTATION_COMMENTS = YES;
				CLANG_WARN_EMPTY_BODY = YES;
				CLANG_WARN_ENUM_CONVERSION = YES;
				CLANG_WARN_INFINITE_RECURSION = YES;
				CLANG_WARN_INT_CONVERSION = YES;
				CLANG_WARN_NON_LITERAL_NULL_CONVERSION = YES;
				CLANG_WARN_OBJC_IMPLICIT_RETAIN_SELF = YES;
				CLANG_WARN_OBJC_LITERAL_CONVERSION = YES;
				CLANG_WARN_OBJC_ROOT_CLASS = YES_ERROR;
				CLANG_WARN_QUOTED_INCLUDE_IN_FRAMEWORK_HEADER = YES;
				CLANG_WARN_RANGE_LOOP_ANALYSIS = YES;
				CLANG_WARN_STRICT_PROTOTYPES = YES;
				CLANG_WARN_SUSPICIOUS_MOVE = YES;
				CLANG_WARN_UNGUARDED_AVAILABILITY = YES_AGGRESSIVE;
				CLANG_WARN_UNREACHABLE_CODE = YES;
				CLANG_WARN__DUPLICATE_METHOD_MATCH = YES;
				COPY_PHASE_STRIP = NO;
				DEBUG_INFORMATION_FORMAT = dwarf;
				ENABLE_STRICT_OBJC_MSGSEND = YES;
				ENABLE_TESTABILITY = YES;
				ENABLE_USER_SCRIPT_SANDBOXING = YES;
				GCC_C_LANGUAGE_STANDARD = gnu17;
				GCC_DYNAMIC_NO_PIC = NO;
				GCC_NO_COMMON_BLOCKS = YES;
				GCC_OPTIMIZATION_LEVEL = 0;
				GCC_PREPROCESSOR_DEFINITIONS = (
					"DEBUG=1",
					"$(inherited)",
				);
				GCC_WARN_64_TO_32_BIT_CONVERSION = YES;
				GCC_WARN_ABOUT_RETURN_TYPE = YES_ERROR;
				GCC_WARN_UNDECLARED_SELECTOR = YES;
				GCC_WARN_UNINITIALIZED_AUTOS = YES_AGGRESSIVE;
				GCC_WARN_UNUSED_FUNCTION = YES;
				GCC_WARN_UNUSED_VARIABLE = YES;
				IPHONEOS_DEPLOYMENT_TARGET = 17.2;
				LOCALIZATION_PREFERS_STRING_CATALOGS = YES;
				MTL_ENABLE_DEBUG_INFO = INCLUDE_SOURCE;
				MTL_FAST_MATH = YES;
				ONLY_ACTIVE_ARCH = YES;
				SDKROOT = iphoneos;
				SWIFT_ACTIVE_COMPILATION_CONDITIONS = "DEBUG $(inherited)";
				SWIFT_OPTIMIZATION_LEVEL = "-Onone";
			};
			name = Debug;
		};
		D0EB37902B5DDED400A54AA7 /* Release */ = {
			isa = XCBuildConfiguration;
			buildSettings = {
				ALWAYS_SEARCH_USER_PATHS = NO;
				ASSETCATALOG_COMPILER_GENERATE_SWIFT_ASSET_SYMBOL_EXTENSIONS = YES;
				CLANG_ANALYZER_NONNULL = YES;
				CLANG_ANALYZER_NUMBER_OBJECT_CONVERSION = YES_AGGRESSIVE;
				CLANG_CXX_LANGUAGE_STANDARD = "gnu++20";
				CLANG_ENABLE_MODULES = YES;
				CLANG_ENABLE_OBJC_ARC = YES;
				CLANG_ENABLE_OBJC_WEAK = YES;
				CLANG_WARN_BLOCK_CAPTURE_AUTORELEASING = YES;
				CLANG_WARN_BOOL_CONVERSION = YES;
				CLANG_WARN_COMMA = YES;
				CLANG_WARN_CONSTANT_CONVERSION = YES;
				CLANG_WARN_DEPRECATED_OBJC_IMPLEMENTATIONS = YES;
				CLANG_WARN_DIRECT_OBJC_ISA_USAGE = YES_ERROR;
				CLANG_WARN_DOCUMENTATION_COMMENTS = YES;
				CLANG_WARN_EMPTY_BODY = YES;
				CLANG_WARN_ENUM_CONVERSION = YES;
				CLANG_WARN_INFINITE_RECURSION = YES;
				CLANG_WARN_INT_CONVERSION = YES;
				CLANG_WARN_NON_LITERAL_NULL_CONVERSION = YES;
				CLANG_WARN_OBJC_IMPLICIT_RETAIN_SELF = YES;
				CLANG_WARN_OBJC_LITERAL_CONVERSION = YES;
				CLANG_WARN_OBJC_ROOT_CLASS = YES_ERROR;
				CLANG_WARN_QUOTED_INCLUDE_IN_FRAMEWORK_HEADER = YES;
				CLANG_WARN_RANGE_LOOP_ANALYSIS = YES;
				CLANG_WARN_STRICT_PROTOTYPES = YES;
				CLANG_WARN_SUSPICIOUS_MOVE = YES;
				CLANG_WARN_UNGUARDED_AVAILABILITY = YES_AGGRESSIVE;
				CLANG_WARN_UNREACHABLE_CODE = YES;
				CLANG_WARN__DUPLICATE_METHOD_MATCH = YES;
				COPY_PHASE_STRIP = NO;
				DEBUG_INFORMATION_FORMAT = "dwarf-with-dsym";
				ENABLE_NS_ASSERTIONS = NO;
				ENABLE_STRICT_OBJC_MSGSEND = YES;
				ENABLE_USER_SCRIPT_SANDBOXING = YES;
				GCC_C_LANGUAGE_STANDARD = gnu17;
				GCC_NO_COMMON_BLOCKS = YES;
				GCC_WARN_64_TO_32_BIT_CONVERSION = YES;
				GCC_WARN_ABOUT_RETURN_TYPE = YES_ERROR;
				GCC_WARN_UNDECLARED_SELECTOR = YES;
				GCC_WARN_UNINITIALIZED_AUTOS = YES_AGGRESSIVE;
				GCC_WARN_UNUSED_FUNCTION = YES;
				GCC_WARN_UNUSED_VARIABLE = YES;
				IPHONEOS_DEPLOYMENT_TARGET = 17.2;
				LOCALIZATION_PREFERS_STRING_CATALOGS = YES;
				MTL_ENABLE_DEBUG_INFO = NO;
				MTL_FAST_MATH = YES;
				SDKROOT = iphoneos;
				SWIFT_COMPILATION_MODE = wholemodule;
				VALIDATE_PRODUCT = YES;
			};
			name = Release;
		};
		D0EB37922B5DDED400A54AA7 /* Debug */ = {
			isa = XCBuildConfiguration;
			buildSettings = {
				ASSETCATALOG_COMPILER_APPICON_NAME = AppIcon;
				ASSETCATALOG_COMPILER_GLOBAL_ACCENT_COLOR_NAME = AccentColor;
				ASSETCATALOG_COMPILER_INCLUDE_ALL_APPICON_ASSETS = NO;
				CODE_SIGN_STYLE = Automatic;
				CURRENT_PROJECT_VERSION = 1;
				DEVELOPMENT_ASSET_PATHS = "\"ObjectRecon/Preview Content\"";
				DEVELOPMENT_TEAM = LT7W972XTY;
				ENABLE_PREVIEWS = YES;
				GENERATE_INFOPLIST_FILE = YES;
				INFOPLIST_FILE = ObjectRecon/Info.plist;
				INFOPLIST_KEY_LSSupportsOpeningDocumentsInPlace = YES;
				INFOPLIST_KEY_NSCameraUsageDescription = "ObjectRecon camera use";
				INFOPLIST_KEY_NSDocumentsFolderUsageDescription = "ObjectRecon documents folder use";
				INFOPLIST_KEY_UIApplicationSceneManifest_Generation = YES;
				INFOPLIST_KEY_UIApplicationSupportsIndirectInputEvents = YES;
				INFOPLIST_KEY_UILaunchScreen_Generation = YES;
				INFOPLIST_KEY_UISupportedInterfaceOrientations_iPad = "UIInterfaceOrientationPortrait UIInterfaceOrientationPortraitUpsideDown UIInterfaceOrientationLandscapeLeft UIInterfaceOrientationLandscapeRight";
				INFOPLIST_KEY_UISupportedInterfaceOrientations_iPhone = "UIInterfaceOrientationPortrait UIInterfaceOrientationLandscapeLeft UIInterfaceOrientationLandscapeRight";
				LD_RUNPATH_SEARCH_PATHS = (
					"$(inherited)",
					"@executable_path/Frameworks",
				);
				MARKETING_VERSION = 1.0;
				PRODUCT_BUNDLE_IDENTIFIER = com.canadian.peter.ObjectRecon;
				PRODUCT_NAME = "$(TARGET_NAME)";
				SWIFT_EMIT_LOC_STRINGS = YES;
				SWIFT_VERSION = 5.0;
				TARGETED_DEVICE_FAMILY = "1,2";
			};
			name = Debug;
		};
		D0EB37932B5DDED400A54AA7 /* Release */ = {
			isa = XCBuildConfiguration;
			buildSettings = {
				ASSETCATALOG_COMPILER_APPICON_NAME = AppIcon;
				ASSETCATALOG_COMPILER_GLOBAL_ACCENT_COLOR_NAME = AccentColor;
				ASSETCATALOG_COMPILER_INCLUDE_ALL_APPICON_ASSETS = NO;
				CODE_SIGN_STYLE = Automatic;
				CURRENT_PROJECT_VERSION = 1;
				DEVELOPMENT_ASSET_PATHS = "\"ObjectRecon/Preview Content\"";
				DEVELOPMENT_TEAM = LT7W972XTY;
				ENABLE_PREVIEWS = YES;
				GENERATE_INFOPLIST_FILE = YES;
				INFOPLIST_FILE = ObjectRecon/Info.plist;
				INFOPLIST_KEY_LSSupportsOpeningDocumentsInPlace = YES;
				INFOPLIST_KEY_NSCameraUsageDescription = "ObjectRecon camera use";
				INFOPLIST_KEY_NSDocumentsFolderUsageDescription = "ObjectRecon documents folder use";
				INFOPLIST_KEY_UIApplicationSceneManifest_Generation = YES;
				INFOPLIST_KEY_UIApplicationSupportsIndirectInputEvents = YES;
				INFOPLIST_KEY_UILaunchScreen_Generation = YES;
				INFOPLIST_KEY_UISupportedInterfaceOrientations_iPad = "UIInterfaceOrientationPortrait UIInterfaceOrientationPortraitUpsideDown UIInterfaceOrientationLandscapeLeft UIInterfaceOrientationLandscapeRight";
				INFOPLIST_KEY_UISupportedInterfaceOrientations_iPhone = "UIInterfaceOrientationPortrait UIInterfaceOrientationLandscapeLeft UIInterfaceOrientationLandscapeRight";
				LD_RUNPATH_SEARCH_PATHS = (
					"$(inherited)",
					"@executable_path/Frameworks",
				);
				MARKETING_VERSION = 1.0;
				PRODUCT_BUNDLE_IDENTIFIER = com.canadian.peter.ObjectRecon;
				PRODUCT_NAME = "$(TARGET_NAME)";
				SWIFT_EMIT_LOC_STRINGS = YES;
				SWIFT_VERSION = 5.0;
				TARGETED_DEVICE_FAMILY = "1,2";
			};
			name = Release;
		};
/* End XCBuildConfiguration section */

/* Begin XCConfigurationList section */
		D0EB377E2B5DDED100A54AA7 /* Build configuration list for PBXProject "ObjectRecon" */ = {
			isa = XCConfigurationList;
			buildConfigurations = (
				D0EB378F2B5DDED400A54AA7 /* Debug */,
				D0EB37902B5DDED400A54AA7 /* Release */,
			);
			defaultConfigurationIsVisible = 0;
			defaultConfigurationName = Release;
		};
		D0EB37912B5DDED400A54AA7 /* Build configuration list for PBXNativeTarget "ObjectRecon" */ = {
			isa = XCConfigurationList;
			buildConfigurations = (
				D0EB37922B5DDED400A54AA7 /* Debug */,
				D0EB37932B5DDED400A54AA7 /* Release */,
			);
			defaultConfigurationIsVisible = 0;
			defaultConfigurationName = Release;
		};
/* End XCConfigurationList section */

/* Begin XCRemoteSwiftPackageReference section */
		741DE1D72B7308BD009EBF08 /* XCRemoteSwiftPackageReference "ZIPFoundation" */ = {
			isa = XCRemoteSwiftPackageReference;
			repositoryURL = "https://github.com/weichsel/ZIPFoundation.git";
			requirement = {
				kind = upToNextMajorVersion;
				minimumVersion = 0.9.18;
			};
		};
		741DE1DA2B730946009EBF08 /* XCRemoteSwiftPackageReference "firebase-ios-sdk" */ = {
			isa = XCRemoteSwiftPackageReference;
			repositoryURL = "https://github.com/firebase/firebase-ios-sdk.git";
			requirement = {
				kind = upToNextMajorVersion;
				minimumVersion = 10.21.0;
			};
		};
/* End XCRemoteSwiftPackageReference section */

/* Begin XCSwiftPackageProductDependency section */
		741DE1D82B7308BD009EBF08 /* ZIPFoundation */ = {
			isa = XCSwiftPackageProductDependency;
			package = 741DE1D72B7308BD009EBF08 /* XCRemoteSwiftPackageReference "ZIPFoundation" */;
			productName = ZIPFoundation;
		};
		741DE20D2B730946009EBF08 /* FirebaseStorage */ = {
			isa = XCSwiftPackageProductDependency;
			package = 741DE1DA2B730946009EBF08 /* XCRemoteSwiftPackageReference "firebase-ios-sdk" */;
			productName = FirebaseStorage;
		};
/* End XCSwiftPackageProductDependency section */
	};
	rootObject = D0EB377B2B5DDED100A54AA7 /* Project object */;
}
